<?xml version="1.0" encoding="utf-8"?>
<Project ToolsVersion="4.0" xmlns="http://schemas.microsoft.com/developer/msbuild/2003">
  <ItemGroup>
    <Filter Include="源文件">
      <UniqueIdentifier>{4FC737F1-C7A5-4376-A066-2A32D752A2FF}</UniqueIdentifier>
      <Extensions>cpp;c;cc;cxx;c++;cppm;ixx;def;odl;idl;hpj;bat;asm;asmx</Extensions>
    </Filter>
    <Filter Include="头文件">
      <UniqueIdentifier>{93995380-89BD-4b04-88EB-625FBE52EBFB}</UniqueIdentifier>
      <Extensions>h;hh;hpp;hxx;h++;hm;inl;inc;ipp;xsd</Extensions>
    </Filter>
    <Filter Include="资源文件">
      <UniqueIdentifier>{67DA6AB6-F800-4c08-8B7A-83BB121AAD01}</UniqueIdentifier>
      <Extensions>rc;ico;cur;bmp;dlg;rc2;rct;bin;rgs;gif;jpg;jpeg;jpe;resx;tiff;tif;png;wav;mfcribbon-ms</Extensions>
    </Filter>
    <Filter Include="homework">
      <UniqueIdentifier>{ad5beab9-a090-4abb-a006-8f5c7dbb33c4}</UniqueIdentifier>
    </Filter>
    <Filter Include="domoresolutions">
      <UniqueIdentifier>{f32e6ab8-4c1c-4643-ba74-716171765306}</UniqueIdentifier>
    </Filter>
    <Filter Include="domoresolutions\array">
      <UniqueIdentifier>{3b547bbd-9acd-47be-a253-553c9286b51f}</UniqueIdentifier>
    </Filter>
    <Filter Include="domoresolutions\linklist">
      <UniqueIdentifier>{b226e570-2373-4157-a2e7-957704b9a10c}</UniqueIdentifier>
    </Filter>
    <Filter Include="domoresolutions\DP">
      <UniqueIdentifier>{0bca4d9a-7f7f-43c3-9504-e90507485a11}</UniqueIdentifier>
    </Filter>
  </ItemGroup>
  <ItemGroup>
    <ClCompile Include="7-1.cpp">
      <Filter>homework</Filter>
    </ClCompile>
    <ClCompile Include="7-2.cpp">
      <Filter>homework</Filter>
    </ClCompile>
    <ClCompile Include="6-1.cpp">
      <Filter>homework</Filter>
    </ClCompile>
    <ClCompile Include="6-2.cpp">
      <Filter>homework</Filter>
    </ClCompile>
    <ClCompile Include="6-3.cpp">
      <Filter>homework</Filter>
    </ClCompile>
    <ClCompile Include="final final hm.cpp">
      <Filter>homework</Filter>
    </ClCompile>
    <ClCompile Include="wait.cpp">
      <Filter>homework</Filter>
    </ClCompile>
    <ClCompile Include="源.cpp">
      <Filter>homework</Filter>
    </ClCompile>
    <ClCompile Include="0742.cpp">
      <Filter>domoresolutions\array</Filter>
    </ClCompile>
    <ClCompile Include="0027.cpp">
      <Filter>domoresolutions\array</Filter>
    </ClCompile>
    <ClCompile Include="0977.cpp">
      <Filter>domoresolutions\array</Filter>
    </ClCompile>
    <ClCompile Include="0209.cpp">
      <Filter>domoresolutions\array</Filter>
    </ClCompile>
    <ClCompile Include="0058.cpp">
      <Filter>domoresolutions\array</Filter>
    </ClCompile>
    <ClCompile Include="0044.cpp">
      <Filter>domoresolutions\array</Filter>
    </ClCompile>
    <ClCompile Include="0059.cpp">
      <Filter>domoresolutions\array</Filter>
    </ClCompile>
    <ClCompile Include="0203.cpp">
      <Filter>domoresolutions\linklist</Filter>
    </ClCompile>
    <ClCompile Include="0707.cpp">
      <Filter>domoresolutions\linklist</Filter>
    </ClCompile>
    <ClCompile Include="0206.cpp">
      <Filter>domoresolutions\linklist</Filter>
    </ClCompile>
    <ClCompile Include="0024.cpp">
      <Filter>domoresolutions\linklist</Filter>
    </ClCompile>
    <ClCompile Include="0509.cpp">
      <Filter>domoresolutions\DP</Filter>
    </ClCompile>
    <ClCompile Include="0070.cpp">
      <Filter>domoresolutions\DP</Filter>
    </ClCompile>
    <ClCompile Include="0746.cpp">
      <Filter>domoresolutions\DP</Filter>
    </ClCompile>
    <ClCompile Include="0062.cpp">
      <Filter>domoresolutions\DP</Filter>
    </ClCompile>
    <ClCompile Include="0063.cpp">
      <Filter>domoresolutions\DP</Filter>
    </ClCompile>
    <ClCompile Include="0343.cpp">
      <Filter>domoresolutions\DP</Filter>
    </ClCompile>
    <ClCompile Include="0096.cpp">
      <Filter>domoresolutions\DP</Filter>
    </ClCompile>
  </ItemGroup>
</Project>